{
  "version": 4,
  "terraform_version": "1.15.8",
  "serial": 5,
  "lineage": "ecd053ac-614f-0013-ffb0-fefa0a3e53a1",
  "outputs": {
    "bucket_endpoint": {
      "value": "https://recettes.s3.fr-par.scw.cloud",
      "type": "string"
    },
    "bucket_name": {
      "value": "recettes",
      "type": "string"
    },
    "bucket_region": {
      "value": "fr-par",
      "type": "string"
    }
  },
  "resources": [
    {
      "module": "module.static_website_bucket",
      "mode": "managed",
      "type": "scaleway_object_bucket",
      "name": "static_website",
      "provider": "provider[\"registry.terraform.io/scaleway/scaleway\"]",
      "instances": [
        {
          "schema_version": 0,
          "attributes": {
            "acl": "private",
            "api_endpoint": "https://s3.fr-par.scw.cloud",
            "cors_rule": [
              {
                "allowed_headers": [
                  "*"
                ],
                "allowed_methods": [
                  "GET",
                  "HEAD"
                ],
                "allowed_origins": [
                  "*"
                ],
                "expose_headers": [
                  "ETag"
                ],
                "max_age_seconds": 3000
              }
            ],
            "endpoint": "https://recettes.s3.fr-par.scw.cloud",
            "force_destroy": false,
            "id": "fr-par/recettes",
            "lifecycle_rule": [],
            "name": "recettes",
            "object_lock_enabled": false,
            "project_id": "da7fd526-ecde-41dc-86f4-24282f9f9212",
            "region": "fr-par",
            "tags": {},
            "timeouts": null,
            "versioning": [
              {
                "enabled": false
              }
            ]
          },
          "sensitive_attributes": [],
          "identity_schema_version": 0,
          "identity": {
            "id": "recettes",
            "region": "fr-par"
          },
          "private": "eyJlMmJmYjczMC1lY2FhLTExZTYtOGY4OC0zNDM2M2JjN2M0YzAiOnsiY3JlYXRlIjo2MDAwMDAwMDAwMDAsImRlZmF1bHQiOjYwMDAwMDAwMDAwMCwiZGVsZXRlIjo2MDAwMDAwMDAwMDAsInJlYWQiOjYwMDAwMDAwMDAwMCwidXBkYXRlIjo2MDAwMDAwMDAwMDB9fQ=="
        }
      ]
    },
    {
      "module": "module.static_website_bucket",
      "mode": "managed",
      "type": "scaleway_object_bucket_policy",
      "name": "bucket_policy",
      "provider": "provider[\"registry.terraform.io/scaleway/scaleway\"]",
      "instances": [
        {
          "schema_version": 0,
          "attributes": {
            "bucket": "fr-par/recettes",
            "id": "fr-par/recettes",
            "policy": "{\"Id\":\"MyBucketPolicy\",\"Statement\":[{\"Action\":\"*\",\"Effect\":\"Allow\",\"Principal\":{\"SCW\":\"user_id:85dd5762-078d-4185-bbd2-804e2232c66b\"},\"Resource\":[\"recettes\",\"recettes/*\"],\"Sid\":\"Allow owner\"},{\"Action\":\"s3:GetObject\",\"Effect\":\"Allow\",\"Principal\":\"*\",\"Resource\":\"recettes/*\",\"Sid\":\"Delegate access\"}],\"Version\":\"2023-04-17\"}",
            "project_id": "da7fd526-ecde-41dc-86f4-24282f9f9212",
            "region": "fr-par",
            "timeouts": null
          },
          "sensitive_attributes": [],
          "identity_schema_version": 0,
          "private": "eyJlMmJmYjczMC1lY2FhLTExZTYtOGY4OC0zNDM2M2JjN2M0YzAiOnsiY3JlYXRlIjo2MDAwMDAwMDAwMDAsImRlZmF1bHQiOjYwMDAwMDAwMDAwMCwiZGVsZXRlIjo2MDAwMDAwMDAwMDAsInJlYWQiOjYwMDAwMDAwMDAwMCwidXBkYXRlIjo2MDAwMDAwMDAwMDB9fQ==",
          "dependencies": [
            "module.static_website_bucket.scaleway_object_bucket.static_website"
          ]
        }
      ]
    }
  ],
  "check_results": null
}
